{
    "_meta": {
        "hash": {
            "sha256": "e91500a65800493ed44835753f8f48f4b9e0f92bcf30aa89c89556014940c849"
        },
        "pipfile-spec": 6,
        "requires": {
            "python_version": "2.7"
        },
        "sources": [
            {
                "name": "pypi",
                "url": "https://pypi.org/simple",
                "verify_ssl": true
            }
        ]
    },
    "default": {
        "flextable": {
            "path": "."
        }
    },
    "develop": {}
}
